
Microsoft Visual Studio Solution File, Format Version 12.00
# Visual Studio Version 17
VisualStudioVersion = 17.7.34031.279
MinimumVisualStudioVersion = 10.0.40219.1
Project("{FAE04EC0-301F-11D3-BF4B-00C04F79EFBC}") = "Pilot Menager", "Pilot Menager\Pilot Menager.csproj", "{C8ECA594-7632-4338-9F9A-CC09FB2958A7}"
EndProject
Global
	GlobalSection(SolutionConfigurationPlatforms) = preSolution
		Debug|Any CPU = Debug|Any CPU
		Release|Any CPU = Release|Any CPU
	EndGlobalSection
	GlobalSection(ProjectConfigurationPlatforms) = postSolution
		{C8ECA594-7632-4338-9F9A-CC09FB2958A7}.Debug|Any CPU.ActiveCfg = Debug|Any CPU
		{C8ECA594-7632-4338-9F9A-CC09FB2958A7}.Debug|Any CPU.Build.0 = Debug|Any CPU
		{C8ECA594-7632-4338-9F9A-CC09FB2958A7}.Release|Any CPU.ActiveCfg = Release|Any CPU
		{C8ECA594-7632-4338-9F9A-CC09FB2958A7}.Release|Any CPU.Build.0 = Release|Any CPU
	EndGlobalSection
	GlobalSection(SolutionProperties) = preSolution
		HideSolutionNode = FALSE
	EndGlobalSection
	GlobalSection(ExtensibilityGlobals) = postSolution
		SolutionGuid = {D2B4B973-0C72-4E48-98DA-70BBA46E04C0}
	EndGlobalSection
EndGlobal
